# @generated - this file is auto-generated by `mise lock` https://mise.jdx.dev/dev-tools/mise-lock.html

[[tools.actionlint]]
version = "1.7.11"
backend = "aqua:rhysd/actionlint"

[tools.actionlint."platforms.linux-arm64"]
checksum = "sha256:21bc0dfb57a913fe175298c2a9e906ee630f747cb66d0a934d0d4b69f4ee1235"
url = "https://github.com/rhysd/actionlint/releases/download/v1.7.11/actionlint_1.7.11_linux_arm64.tar.gz"

[tools.actionlint."platforms.linux-arm64-musl"]
checksum = "sha256:21bc0dfb57a913fe175298c2a9e906ee630f747cb66d0a934d0d4b69f4ee1235"
url = "https://github.com/rhysd/actionlint/releases/download/v1.7.11/actionlint_1.7.11_linux_arm64.tar.gz"

[tools.actionlint."platforms.linux-x64"]
checksum = "sha256:900919a84f2229bac68ca9cd4103ea297abc35e9689ebb842c6e34a3d1b01b0a"
url = "https://github.com/rhysd/actionlint/releases/download/v1.7.11/actionlint_1.7.11_linux_amd64.tar.gz"

[tools.actionlint."platforms.linux-x64-musl"]
checksum = "sha256:900919a84f2229bac68ca9cd4103ea297abc35e9689ebb842c6e34a3d1b01b0a"
url = "https://github.com/rhysd/actionlint/releases/download/v1.7.11/actionlint_1.7.11_linux_amd64.tar.gz"

[tools.actionlint."platforms.macos-arm64"]
checksum = "sha256:a21ba7366d8329e7223faee0ed69eb13da27fe8acabb356bb7eb0b7f1e1cb6d8"
url = "https://github.com/rhysd/actionlint/releases/download/v1.7.11/actionlint_1.7.11_darwin_arm64.tar.gz"

[tools.actionlint."platforms.macos-x64"]
checksum = "sha256:17ffc17fed8f0258ef6ad4aed932d3272464c7ef7d64e1cb0d65aa97c9752107"
url = "https://github.com/rhysd/actionlint/releases/download/v1.7.11/actionlint_1.7.11_darwin_amd64.tar.gz"

[tools.actionlint."platforms.windows-x64"]
checksum = "sha256:5414b7124a91f4b5abee62e5c9d84802237734f8d15b9b7032732a32c3ebffa3"
url = "https://github.com/rhysd/actionlint/releases/download/v1.7.11/actionlint_1.7.11_windows_amd64.zip"

[[tools.cocogitto]]
version = "6.5.0"
backend = "aqua:cocogitto/cocogitto"

[tools.cocogitto."platforms.linux-arm64"]
checksum = "sha256:8f05394d82cfbba1e393cef4b822cddb6e903817478c29a03200815daed7d9f1"
url = "https://github.com/cocogitto/cocogitto/releases/download/6.5.0/cocogitto-6.5.0-aarch64-unknown-linux-gnu.tar.gz"

[tools.cocogitto."platforms.linux-arm64-musl"]
checksum = "sha256:8f05394d82cfbba1e393cef4b822cddb6e903817478c29a03200815daed7d9f1"
url = "https://github.com/cocogitto/cocogitto/releases/download/6.5.0/cocogitto-6.5.0-aarch64-unknown-linux-gnu.tar.gz"

[tools.cocogitto."platforms.linux-x64"]
checksum = "sha256:9de1086c8b6521a8a01abbd62c562d6d355990f542e3082b49ec4a597f925646"
url = "https://github.com/cocogitto/cocogitto/releases/download/6.5.0/cocogitto-6.5.0-x86_64-unknown-linux-musl.tar.gz"

[tools.cocogitto."platforms.linux-x64-musl"]
checksum = "sha256:9de1086c8b6521a8a01abbd62c562d6d355990f542e3082b49ec4a597f925646"
url = "https://github.com/cocogitto/cocogitto/releases/download/6.5.0/cocogitto-6.5.0-x86_64-unknown-linux-musl.tar.gz"

[tools.cocogitto."platforms.macos-arm64"]
checksum = "sha256:26385586e71e10c03faa3842a87444efd76c21a91f2dfac28873c230dfeb2138"
url = "https://github.com/cocogitto/cocogitto/releases/download/6.5.0/cocogitto-6.5.0-aarch64-apple-darwin.tar.gz"

[tools.cocogitto."platforms.macos-x64"]
checksum = "sha256:ddad1e62028e328db6e373232ff9166f21dfeadfe2c8784f327e88f46081fab4"
url = "https://github.com/cocogitto/cocogitto/releases/download/6.5.0/cocogitto-6.5.0-x86_64-apple-darwin.tar.gz"

[tools.cocogitto."platforms.windows-x64"]
checksum = "sha256:ee4570d25e31393b88518af570f54e97f89e07346d545809e0c7404e8d076245"
url = "https://github.com/cocogitto/cocogitto/releases/download/6.5.0/cocogitto-6.5.0-x86_64-pc-windows-msvc.tar.gz"

[[tools.git-cliff]]
version = "2.12.0"
backend = "aqua:orhun/git-cliff"

[tools.git-cliff."platforms.linux-arm64"]
checksum = "sha256:a2d262b389aed349e0564aaaa38a44015c98a951048923b086d6cf732f6dbbaf"
url = "https://github.com/orhun/git-cliff/releases/download/v2.12.0/git-cliff-2.12.0-aarch64-unknown-linux-musl.tar.gz"

[tools.git-cliff."platforms.linux-arm64-musl"]
checksum = "sha256:a2d262b389aed349e0564aaaa38a44015c98a951048923b086d6cf732f6dbbaf"
url = "https://github.com/orhun/git-cliff/releases/download/v2.12.0/git-cliff-2.12.0-aarch64-unknown-linux-musl.tar.gz"

[tools.git-cliff."platforms.linux-x64"]
checksum = "sha256:c89a7bc55f3c51f391938aa3fa560125109695c1930d927879daea68dd786420"
url = "https://github.com/orhun/git-cliff/releases/download/v2.12.0/git-cliff-2.12.0-x86_64-unknown-linux-musl.tar.gz"

[tools.git-cliff."platforms.linux-x64-musl"]
checksum = "sha256:c89a7bc55f3c51f391938aa3fa560125109695c1930d927879daea68dd786420"
url = "https://github.com/orhun/git-cliff/releases/download/v2.12.0/git-cliff-2.12.0-x86_64-unknown-linux-musl.tar.gz"

[tools.git-cliff."platforms.macos-arm64"]
checksum = "sha256:2ae72a0061bee98d0e375f2ea8e0f4b23b4915ac2e37fa45a705066de49b43a0"
url = "https://github.com/orhun/git-cliff/releases/download/v2.12.0/git-cliff-2.12.0-aarch64-apple-darwin.tar.gz"

[tools.git-cliff."platforms.macos-x64"]
checksum = "sha256:fd4bce35ea8a6f3af6ac4891073781ca24c654c36c83c865bc30bab332c05a14"
url = "https://github.com/orhun/git-cliff/releases/download/v2.12.0/git-cliff-2.12.0-x86_64-apple-darwin.tar.gz"

[tools.git-cliff."platforms.windows-x64"]
checksum = "sha256:f2b8c692d9488c3313d7786e2099976151c10fd8f76580b12d045bb9683a8379"
url = "https://github.com/orhun/git-cliff/releases/download/v2.12.0/git-cliff-2.12.0-x86_64-pc-windows-msvc.zip"

[[tools."github:miniscruff/changie"]]
version = "1.24.0"
backend = "github:miniscruff/changie"

[tools."github:miniscruff/changie"."platforms.linux-arm64"]
checksum = "sha256:0eaf34f01c24f7825614897427e42553070fb4407070a33759f82b117a6c3afc"
url = "https://github.com/miniscruff/changie/releases/download/v1.24.0/changie_1.24.0_linux_arm64.tar.gz"
url_api = "https://api.github.com/repos/miniscruff/changie/releases/assets/319542127"

[tools."github:miniscruff/changie"."platforms.linux-arm64-musl"]
checksum = "sha256:0eaf34f01c24f7825614897427e42553070fb4407070a33759f82b117a6c3afc"
url = "https://github.com/miniscruff/changie/releases/download/v1.24.0/changie_1.24.0_linux_arm64.tar.gz"
url_api = "https://api.github.com/repos/miniscruff/changie/releases/assets/319542127"

[tools."github:miniscruff/changie"."platforms.linux-x64"]
checksum = "sha256:706937c1874eb7c270d15f644d8a84a74dfa7f27778cbc8ca9cb045a0d68d9df"
url = "https://github.com/miniscruff/changie/releases/download/v1.24.0/changie_1.24.0_linux_amd64.tar.gz"
url_api = "https://api.github.com/repos/miniscruff/changie/releases/assets/319542133"

[tools."github:miniscruff/changie"."platforms.linux-x64-musl"]
checksum = "sha256:706937c1874eb7c270d15f644d8a84a74dfa7f27778cbc8ca9cb045a0d68d9df"
url = "https://github.com/miniscruff/changie/releases/download/v1.24.0/changie_1.24.0_linux_amd64.tar.gz"
url_api = "https://api.github.com/repos/miniscruff/changie/releases/assets/319542133"

[tools."github:miniscruff/changie"."platforms.macos-arm64"]
checksum = "sha256:cdbca27a073fc741c5ff08e9792444f459dbc5cff151ecb7118f2fdab9ea346f"
url = "https://github.com/miniscruff/changie/releases/download/v1.24.0/changie_1.24.0_darwin_arm64.tar.gz"
url_api = "https://api.github.com/repos/miniscruff/changie/releases/assets/319542132"

[tools."github:miniscruff/changie"."platforms.macos-x64"]
checksum = "sha256:4ffd88cb50b2ad382b609318a41be81e7d29a750be7607fab7024e76cccb67fa"
url = "https://github.com/miniscruff/changie/releases/download/v1.24.0/changie_1.24.0_darwin_amd64.tar.gz"
url_api = "https://api.github.com/repos/miniscruff/changie/releases/assets/319542130"

[tools."github:miniscruff/changie"."platforms.windows-x64"]
checksum = "sha256:4a90748c1da0179afe282599b562e75ef2cb5ce34e25d5f67e70ef20725b9e1d"
url = "https://github.com/miniscruff/changie/releases/download/v1.24.0/changie_1.24.0_windows_amd64.zip"
url_api = "https://api.github.com/repos/miniscruff/changie/releases/assets/319542125"

[[tools.markdownlint-cli2]]
version = "0.22.0"
backend = "npm:markdownlint-cli2"

[[tools.node]]
version = "22.22.1"
backend = "core:node"

[tools.node."platforms.linux-arm64"]
checksum = "sha256:1d1690e9aba47e887a275abc6d8f7317e571a0700deaef493f768377e99155f5"
url = "https://nodejs.org/dist/v22.22.1/node-v22.22.1-linux-arm64.tar.gz"

[tools.node."platforms.linux-arm64-musl"]
checksum = "sha256:1d1690e9aba47e887a275abc6d8f7317e571a0700deaef493f768377e99155f5"
url = "https://nodejs.org/dist/v22.22.1/node-v22.22.1-linux-arm64.tar.gz"

[tools.node."platforms.linux-x64"]
checksum = "sha256:07c8aafa60644fb81adefa1ee7da860eb1920851ffdc9a37020ab0be47fbc10e"
url = "https://nodejs.org/dist/v22.22.1/node-v22.22.1-linux-x64.tar.gz"

[tools.node."platforms.linux-x64-musl"]
checksum = "sha256:07c8aafa60644fb81adefa1ee7da860eb1920851ffdc9a37020ab0be47fbc10e"
url = "https://nodejs.org/dist/v22.22.1/node-v22.22.1-linux-x64.tar.gz"

[tools.node."platforms.macos-arm64"]
checksum = "sha256:679ad4966339e4ef4900f57996714864e4211b898825bb840c3086c419fbcef2"
url = "https://nodejs.org/dist/v22.22.1/node-v22.22.1-darwin-arm64.tar.gz"

[tools.node."platforms.macos-x64"]
checksum = "sha256:07b13722d558790fca20bb1ecf61bde24b7a4863111f7be77fc57251a407359a"
url = "https://nodejs.org/dist/v22.22.1/node-v22.22.1-darwin-x64.tar.gz"

[tools.node."platforms.windows-x64"]
checksum = "sha256:877cb93829e14fffbbc7903e7d8037336c9a79f3ea43c5d0b8c2379b79da56de"
url = "https://nodejs.org/dist/v22.22.1/node-v22.22.1-win-x64.zip"

[[tools."npm:oxfmt"]]
version = "0.41.0"
backend = "npm:oxfmt"

[[tools."npm:oxlint"]]
version = "1.56.0"
backend = "npm:oxlint"

[[tools.task]]
version = "3.49.1"
backend = "aqua:go-task/task"

[tools.task."platforms.linux-arm64"]
checksum = "sha256:aa6732c9c66397c5380ec2b60c070fd599075b2a8538dba03f3a21edc99ab0cb"
url = "https://github.com/go-task/task/releases/download/v3.49.1/task_linux_arm64.tar.gz"

[tools.task."platforms.linux-arm64-musl"]
checksum = "sha256:aa6732c9c66397c5380ec2b60c070fd599075b2a8538dba03f3a21edc99ab0cb"
url = "https://github.com/go-task/task/releases/download/v3.49.1/task_linux_arm64.tar.gz"

[tools.task."platforms.linux-x64"]
checksum = "sha256:4e7d24f1bf38218aec8f244eb7ba671f898830f9f87b3c9b30ff1c09e3135576"
url = "https://github.com/go-task/task/releases/download/v3.49.1/task_linux_amd64.tar.gz"

[tools.task."platforms.linux-x64-musl"]
checksum = "sha256:4e7d24f1bf38218aec8f244eb7ba671f898830f9f87b3c9b30ff1c09e3135576"
url = "https://github.com/go-task/task/releases/download/v3.49.1/task_linux_amd64.tar.gz"

[tools.task."platforms.macos-arm64"]
checksum = "sha256:0f556b66df69d53b790c7fd26bfab73543b4a5ce1767df6b2e8499619e2a205b"
url = "https://github.com/go-task/task/releases/download/v3.49.1/task_darwin_arm64.tar.gz"

[tools.task."platforms.macos-x64"]
checksum = "sha256:8bc4dd3baed1c71956ade0bb0a9c1b94e3ed7b65e7f2ff3aab13d0562c820e59"
url = "https://github.com/go-task/task/releases/download/v3.49.1/task_darwin_amd64.tar.gz"

[tools.task."platforms.windows-x64"]
checksum = "sha256:725c551f699d4d6c0dc57bd8148f72bef8d5b2fb650d9c985f271a61522fd521"
url = "https://github.com/go-task/task/releases/download/v3.49.1/task_windows_amd64.zip"

[[tools.yamllint]]
version = "1.38.0"
backend = "pipx:yamllint"
